
Microsoft Visual Studio Solution File, Format Version 12.00
# Visual Studio Version 17
VisualStudioVersion = 17.12.35527.113 d17.12
MinimumVisualStudioVersion = 10.0.40219.1
Project("{FAE04EC0-301F-11D3-BF4B-00C04F79EFBC}") = "HRK_to_EURO_converter", "ConsoleApp1\HRK_to_EURO_converter.csproj", "{6EE6E524-4559-4A91-8E3C-7991A43E61A5}"
EndProject
Global
	GlobalSection(SolutionConfigurationPlatforms) = preSolution
		Debug|Any CPU = Debug|Any CPU
		Release|Any CPU = Release|Any CPU
	EndGlobalSection
	GlobalSection(ProjectConfigurationPlatforms) = postSolution
		{6EE6E524-4559-4A91-8E3C-7991A43E61A5}.Debug|Any CPU.ActiveCfg = Debug|Any CPU
		{6EE6E524-4559-4A91-8E3C-7991A43E61A5}.Debug|Any CPU.Build.0 = Debug|Any CPU
		{6EE6E524-4559-4A91-8E3C-7991A43E61A5}.Release|Any CPU.ActiveCfg = Release|Any CPU
		{6EE6E524-4559-4A91-8E3C-7991A43E61A5}.Release|Any CPU.Build.0 = Release|Any CPU
	EndGlobalSection
	GlobalSection(SolutionProperties) = preSolution
		HideSolutionNode = FALSE
	EndGlobalSection
EndGlobal
